
Microsoft Visual Studio Solution File, Format Version 12.00
# Visual Studio Version 17
VisualStudioVersion = 17.3.32811.315
MinimumVisualStudioVersion = 10.0.40219.1
Project("{FAE04EC0-301F-11D3-BF4B-00C04F79EFBC}") = "DB-ManagementApplication", "DB-ManagementApplication\DB-ManagementApplication.csproj", "{F1FA5A19-96EF-4368-B817-3B33A877FEBE}"
EndProject
Global
	GlobalSection(SolutionConfigurationPlatforms) = preSolution
		Debug|Any CPU = Debug|Any CPU
		Release|Any CPU = Release|Any CPU
	EndGlobalSection
	GlobalSection(ProjectConfigurationPlatforms) = postSolution
		{F1FA5A19-96EF-4368-B817-3B33A877FEBE}.Debug|Any CPU.ActiveCfg = Debug|Any CPU
		{F1FA5A19-96EF-4368-B817-3B33A877FEBE}.Debug|Any CPU.Build.0 = Debug|Any CPU
		{F1FA5A19-96EF-4368-B817-3B33A877FEBE}.Release|Any CPU.ActiveCfg = Release|Any CPU
		{F1FA5A19-96EF-4368-B817-3B33A877FEBE}.Release|Any CPU.Build.0 = Release|Any CPU
	EndGlobalSection
	GlobalSection(SolutionProperties) = preSolution
		HideSolutionNode = FALSE
	EndGlobalSection
	GlobalSection(ExtensibilityGlobals) = postSolution
		SolutionGuid = {97856DBF-D5BB-478B-9961-2471B253D6F0}
	EndGlobalSection
EndGlobal
